
Microsoft Visual Studio Solution File, Format Version 12.00
# Visual Studio Version 16
VisualStudioVersion = 16.0.31424.327
MinimumVisualStudioVersion = 10.0.40219.1
Project("{FAE04EC0-301F-11D3-BF4B-00C04F79EFBC}") = "TestApp2", "TestApp2\TestApp2.csproj", "{D415F3B5-0A7C-4AB5-B647-5C49EBB9D51D}"
EndProject
Global
	GlobalSection(SolutionConfigurationPlatforms) = preSolution
		Debug|Any CPU = Debug|Any CPU
		Release|Any CPU = Release|Any CPU
	EndGlobalSection
	GlobalSection(ProjectConfigurationPlatforms) = postSolution
		{D415F3B5-0A7C-4AB5-B647-5C49EBB9D51D}.Debug|Any CPU.ActiveCfg = Debug|Any CPU
		{D415F3B5-0A7C-4AB5-B647-5C49EBB9D51D}.Debug|Any CPU.Build.0 = Debug|Any CPU
		{D415F3B5-0A7C-4AB5-B647-5C49EBB9D51D}.Release|Any CPU.ActiveCfg = Release|Any CPU
		{D415F3B5-0A7C-4AB5-B647-5C49EBB9D51D}.Release|Any CPU.Build.0 = Release|Any CPU
	EndGlobalSection
	GlobalSection(SolutionProperties) = preSolution
		HideSolutionNode = FALSE
	EndGlobalSection
	GlobalSection(ExtensibilityGlobals) = postSolution
		SolutionGuid = {442F0D86-46E0-492E-9C7A-58EAA2936D9F}
	EndGlobalSection
EndGlobal
